Microsoft Visual Studio Solution File, Format Version 12.00
# Visual Studio 2012
Project("{FAE04EC0-301F-11D3-BF4B-00C04F79EFBC}") = "Very Good Deli", "Very Good Deli.csproj", "{B3242C4E-E2B9-447F-89D8-95989EA26894}"
EndProject
Global
	GlobalSection(SolutionConfigurationPlatforms) = preSolution
	Debug|Any CPU = Debug|Any CPU
	ExportDebug|Any CPU = ExportDebug|Any CPU
	ExportRelease|Any CPU = ExportRelease|Any CPU
	EndGlobalSection
	GlobalSection(ProjectConfigurationPlatforms) = postSolution
		{B3242C4E-E2B9-447F-89D8-95989EA26894}.Debug|Any CPU.ActiveCfg = Debug|Any CPU
		{B3242C4E-E2B9-447F-89D8-95989EA26894}.Debug|Any CPU.Build.0 = Debug|Any CPU
		{B3242C4E-E2B9-447F-89D8-95989EA26894}.ExportDebug|Any CPU.ActiveCfg = ExportDebug|Any CPU
		{B3242C4E-E2B9-447F-89D8-95989EA26894}.ExportDebug|Any CPU.Build.0 = ExportDebug|Any CPU
		{B3242C4E-E2B9-447F-89D8-95989EA26894}.ExportRelease|Any CPU.ActiveCfg = ExportRelease|Any CPU
		{B3242C4E-E2B9-447F-89D8-95989EA26894}.ExportRelease|Any CPU.Build.0 = ExportRelease|Any CPU
	EndGlobalSection
EndGlobal
